
Microsoft Visual Studio Solution File, Format Version 12.00
# Visual Studio 15
VisualStudioVersion = 15.0.27130.2026
MinimumVisualStudioVersion = 10.0.40219.1
Project("{8BC9CEB8-8B4A-11D0-8D11-00A0C91BC942}") = "Classes_and_Objects", "Classes_and_Objects\Classes_and_Objects.vcxproj", "{3C8011E6-B42C-4F47-B1A0-C67B9406340C}"
EndProject
Global
	GlobalSection(SolutionConfigurationPlatforms) = preSolution
		Debug|x64 = Debug|x64
		Debug|x86 = Debug|x86
		Release|x64 = Release|x64
		Release|x86 = Release|x86
	EndGlobalSection
	GlobalSection(ProjectConfigurationPlatforms) = postSolution
		{3C8011E6-B42C-4F47-B1A0-C67B9406340C}.Debug|x64.ActiveCfg = Debug|x64
		{3C8011E6-B42C-4F47-B1A0-C67B9406340C}.Debug|x64.Build.0 = Debug|x64
		{3C8011E6-B42C-4F47-B1A0-C67B9406340C}.Debug|x86.ActiveCfg = Debug|Win32
		{3C8011E6-B42C-4F47-B1A0-C67B9406340C}.Debug|x86.Build.0 = Debug|Win32
		{3C8011E6-B42C-4F47-B1A0-C67B9406340C}.Release|x64.ActiveCfg = Release|x64
		{3C8011E6-B42C-4F47-B1A0-C67B9406340C}.Release|x64.Build.0 = Release|x64
		{3C8011E6-B42C-4F47-B1A0-C67B9406340C}.Release|x86.ActiveCfg = Release|Win32
		{3C8011E6-B42C-4F47-B1A0-C67B9406340C}.Release|x86.Build.0 = Release|Win32
	EndGlobalSection
	GlobalSection(SolutionProperties) = preSolution
		HideSolutionNode = FALSE
	EndGlobalSection
	GlobalSection(ExtensibilityGlobals) = postSolution
		SolutionGuid = {08572114-686C-42B5-BE09-E2AC60787009}
	EndGlobalSection
EndGlobal
